
Microsoft Visual Studio Solution File, Format Version 12.00
# Visual Studio 15
VisualStudioVersion = 15.0.28307.902
MinimumVisualStudioVersion = 10.0.40219.1
Project("{FAE04EC0-301F-11D3-BF4B-00C04F79EFBC}") = "CodecoolTask1", "CodecoolTask1\CodecoolTask1.csproj", "{FF5345D9-8C87-485F-BA82-3A2A21B4062E}"
EndProject
Global
	GlobalSection(SolutionConfigurationPlatforms) = preSolution
		Debug|Any CPU = Debug|Any CPU
		Release|Any CPU = Release|Any CPU
	EndGlobalSection
	GlobalSection(ProjectConfigurationPlatforms) = postSolution
		{FF5345D9-8C87-485F-BA82-3A2A21B4062E}.Debug|Any CPU.ActiveCfg = Debug|Any CPU
		{FF5345D9-8C87-485F-BA82-3A2A21B4062E}.Debug|Any CPU.Build.0 = Debug|Any CPU
		{FF5345D9-8C87-485F-BA82-3A2A21B4062E}.Release|Any CPU.ActiveCfg = Release|Any CPU
		{FF5345D9-8C87-485F-BA82-3A2A21B4062E}.Release|Any CPU.Build.0 = Release|Any CPU
	EndGlobalSection
	GlobalSection(SolutionProperties) = preSolution
		HideSolutionNode = FALSE
	EndGlobalSection
	GlobalSection(ExtensibilityGlobals) = postSolution
		SolutionGuid = {D75A6956-7CB3-42DA-887B-EC516B1A63E4}
	EndGlobalSection
EndGlobal
